
Microsoft Visual Studio Solution File, Format Version 12.00
# Visual Studio Version 17
VisualStudioVersion = 17.13.35931.197
MinimumVisualStudioVersion = 10.0.40219.1
Project("{8BC9CEB8-8B4A-11D0-8D11-00A0C91BC942}") = "VettaiyanDriver", "VettaiyanDriver\VettaiyanDriver.vcxproj", "{AD8213B9-D164-5083-68F4-067835784E82}"
EndProject
Project("{8BC9CEB8-8B4A-11D0-8D11-00A0C91BC942}") = "VettaiyanAgent", "VettaiyanAgent\VettaiyanAgent.vcxproj", "{D9948F02-517D-4592-8227-97723237DF25}"
EndProject
Project("{8BC9CEB8-8B4A-11D0-8D11-00A0C91BC942}") = "VettaiyanNotify", "VettaiyanNotify\VettaiyanNotify.vcxproj", "{AFCC61C9-5448-43CB-AB71-57412147A40F}"
EndProject
Project("{8BC9CEB8-8B4A-11D0-8D11-00A0C91BC942}") = "VettaiyanScanner", "VettaiyanScanner\VettaiyanScanner.vcxproj", "{A4809D6B-4194-4F2F-9226-CB2C03484D62}"
EndProject
Global
	GlobalSection(SolutionConfigurationPlatforms) = preSolution
		Debug|x64 = Debug|x64
		Debug|x86 = Debug|x86
		Release|x64 = Release|x64
		Release|x86 = Release|x86
	EndGlobalSection
	GlobalSection(ProjectConfigurationPlatforms) = postSolution
		{AD8213B9-D164-5083-68F4-067835784E82}.Debug|x64.ActiveCfg = Debug|x64
		{AD8213B9-D164-5083-68F4-067835784E82}.Debug|x64.Build.0 = Debug|x64
		{AD8213B9-D164-5083-68F4-067835784E82}.Debug|x64.Deploy.0 = Debug|x64
		{AD8213B9-D164-5083-68F4-067835784E82}.Debug|x86.ActiveCfg = Debug|x64
		{AD8213B9-D164-5083-68F4-067835784E82}.Debug|x86.Build.0 = Debug|x64
		{AD8213B9-D164-5083-68F4-067835784E82}.Debug|x86.Deploy.0 = Debug|x64
		{AD8213B9-D164-5083-68F4-067835784E82}.Release|x64.ActiveCfg = Release|x64
		{AD8213B9-D164-5083-68F4-067835784E82}.Release|x64.Build.0 = Release|x64
		{AD8213B9-D164-5083-68F4-067835784E82}.Release|x64.Deploy.0 = Release|x64
		{AD8213B9-D164-5083-68F4-067835784E82}.Release|x86.ActiveCfg = Release|x64
		{AD8213B9-D164-5083-68F4-067835784E82}.Release|x86.Build.0 = Release|x64
		{AD8213B9-D164-5083-68F4-067835784E82}.Release|x86.Deploy.0 = Release|x64
		{D9948F02-517D-4592-8227-97723237DF25}.Debug|x64.ActiveCfg = Debug|x64
		{D9948F02-517D-4592-8227-97723237DF25}.Debug|x64.Build.0 = Debug|x64
		{D9948F02-517D-4592-8227-97723237DF25}.Debug|x86.ActiveCfg = Debug|Win32
		{D9948F02-517D-4592-8227-97723237DF25}.Debug|x86.Build.0 = Debug|Win32
		{D9948F02-517D-4592-8227-97723237DF25}.Release|x64.ActiveCfg = Release|x64
		{D9948F02-517D-4592-8227-97723237DF25}.Release|x64.Build.0 = Release|x64
		{D9948F02-517D-4592-8227-97723237DF25}.Release|x86.ActiveCfg = Release|Win32
		{D9948F02-517D-4592-8227-97723237DF25}.Release|x86.Build.0 = Release|Win32
		{AFCC61C9-5448-43CB-AB71-57412147A40F}.Debug|x64.ActiveCfg = Debug|x64
		{AFCC61C9-5448-43CB-AB71-57412147A40F}.Debug|x64.Build.0 = Debug|x64
		{AFCC61C9-5448-43CB-AB71-57412147A40F}.Debug|x86.ActiveCfg = Debug|Win32
		{AFCC61C9-5448-43CB-AB71-57412147A40F}.Debug|x86.Build.0 = Debug|Win32
		{AFCC61C9-5448-43CB-AB71-57412147A40F}.Release|x64.ActiveCfg = Release|x64
		{AFCC61C9-5448-43CB-AB71-57412147A40F}.Release|x64.Build.0 = Release|x64
		{AFCC61C9-5448-43CB-AB71-57412147A40F}.Release|x86.ActiveCfg = Release|Win32
		{AFCC61C9-5448-43CB-AB71-57412147A40F}.Release|x86.Build.0 = Release|Win32
		{A4809D6B-4194-4F2F-9226-CB2C03484D62}.Debug|x64.ActiveCfg = Debug|x64
		{A4809D6B-4194-4F2F-9226-CB2C03484D62}.Debug|x64.Build.0 = Debug|x64
		{A4809D6B-4194-4F2F-9226-CB2C03484D62}.Debug|x86.ActiveCfg = Debug|Win32
		{A4809D6B-4194-4F2F-9226-CB2C03484D62}.Debug|x86.Build.0 = Debug|Win32
		{A4809D6B-4194-4F2F-9226-CB2C03484D62}.Release|x64.ActiveCfg = Release|x64
		{A4809D6B-4194-4F2F-9226-CB2C03484D62}.Release|x64.Build.0 = Release|x64
		{A4809D6B-4194-4F2F-9226-CB2C03484D62}.Release|x86.ActiveCfg = Release|Win32
		{A4809D6B-4194-4F2F-9226-CB2C03484D62}.Release|x86.Build.0 = Release|Win32
	EndGlobalSection
	GlobalSection(SolutionProperties) = preSolution
		HideSolutionNode = FALSE
	EndGlobalSection
	GlobalSection(ExtensibilityGlobals) = postSolution
		SolutionGuid = {78C2C1E6-B8C0-4BD2-8815-3A45AE2C7EFC}
	EndGlobalSection
EndGlobal
